// !$*UTF8*$!
{
	archiveVersion = 1;
	classes = {
	};
	objectVersion = 46;
	objects = {

/* Begin PBXBuildFile section */
		8DFD96771CF72B8B00CCAC0C /* AppDelegate.swift in Sources */ = {isa = PBXBuildFile; fileRef = 8DFD96761CF72B8B00CCAC0C /* AppDelegate.swift */; };
		8DFD96791CF72B8B00CCAC0C /* ViewController.swift in Sources */ = {isa = PBXBuildFile; fileRef = 8DFD96781CF72B8B00CCAC0C /* ViewController.swift */; };
		8DFD967C1CF72B8B00CCAC0C /* Main.storyboard in Resources */ = {isa = PBXBuildFile; fileRef = 8DFD967A1CF72B8B00CCAC0C /* Main.storyboard */; };
		8DFD967E1CF72B8B00CCAC0C /* Assets.xcassets in Resources */ = {isa = PBXBuildFile; fileRef = 8DFD967D1CF72B8B00CCAC0C /* Assets.xcassets */; };
		8DFD96811CF72B8B00CCAC0C /* LaunchScreen.storyboard in Resources */ = {isa = PBXBuildFile; fileRef = 8DFD967F1CF72B8B00CCAC0C /* LaunchScreen.storyboard */; };
		8DFD968C1CF72B8B00CCAC0C /* SwiftDemoTests.swift in Sources */ = {isa = PBXBuildFile; fileRef = 8DFD968B1CF72B8B00CCAC0C /* SwiftDemoTests.swift */; };
		8DFD96971CF72B8B00CCAC0C /* SwiftDemoUITests.swift in Sources */ = {isa = PBXBuildFile; fileRef = 8DFD96961CF72B8B00CCAC0C /* SwiftDemoUITests.swift */; };
/* End PBXBuildFile section */

/* Begin PBXContainerItemProxy section */
		8DFD96881CF72B8B00CCAC0C /* PBXContainerItemProxy */ = {
			isa = PBXContainerItemProxy;
			containerPortal = 8DFD966B1CF72B8B00CCAC0C /* Project object */;
			proxyType = 1;
			remoteGlobalIDString = 8DFD96721CF72B8B00CCAC0C;
			remoteInfo = SwiftDemo;
		};
		8DFD96931CF72B8B00CCAC0C /* PBXContainerItemProxy */ = {
			isa = PBXContainerItemProxy;
			containerPortal = 8DFD966B1CF72B8B00CCAC0C /* Project object */;
			proxyType = 1;
			remoteGlobalIDString = 8DFD96721CF72B8B00CCAC0C;
			remoteInfo = SwiftDemo;
		};
/* End PBXContainerItemProxy section */

/* Begin PBXFileReference section */
		8DFD96731CF72B8B00CCAC0C /* SwiftDemo.app */ = {isa = PBXFileReference; explicitFileType = wrapper.application; includeInIndex = 0; path = SwiftDemo.app; sourceTree = BUILT_PRODUCTS_DIR; };
		8DFD96761CF72B8B00CCAC0C /* AppDelegate.swift */ = {isa = PBXFileReference; lastKnownFileType = sourcecode.swift; path = AppDelegate.swift; sourceTree = "<group>"; };
		8DFD96781CF72B8B00CCAC0C /* ViewController.swift */ = {isa = PBXFileReference; lastKnownFileType = sourcecode.swift; path = ViewController.swift; sourceTree = "<group>"; };
		8DFD967B1CF72B8B00CCAC0C /* Base */ = {isa = PBXFileReference; lastKnownFileType = file.storyboard; name = Base; path = Base.lproj/Main.storyboard; sourceTree = "<group>"; };
		8DFD967D1CF72B8B00CCAC0C /* Assets.xcassets */ = {isa = PBXFileReference; lastKnownFileType = folder.assetcatalog; path = Assets.xcassets; sourceTree = "<group>"; };
		8DFD96801CF72B8B00CCAC0C /* Base */ = {isa = PBXFileReference; lastKnownFileType = file.storyboard; name = Base; path = Base.lproj/LaunchScreen.storyboard; sourceTree = "<group>"; };
		8DFD96821CF72B8B00CCAC0C /* Info.plist */ = {isa = PBXFileReference; lastKnownFileType = text.plist.xml; path = Info.plist; sourceTree = "<group>"; };
		8DFD96871CF72B8B00CCAC0C /* SwiftDemoTests.xctest */ = {isa = PBXFileReference; explicitFileType = wrapper.cfbundle; includeInIndex = 0; path = SwiftDemoTests.xctest; sourceTree = BUILT_PRODUCTS_DIR; };
		8DFD968B1CF72B8B00CCAC0C /* SwiftDemoTests.swift */ = {isa = PBXFileReference; lastKnownFileType = sourcecode.swift; path = SwiftDemoTests.swift; sourceTree = "<group>"; };
		8DFD968D1CF72B8B00CCAC0C /* Info.plist */ = {isa = PBXFileReference; lastKnownFileType = text.plist.xml; path = Info.plist; sourceTree = "<group>"; };
		8DFD96921CF72B8B00CCAC0C /* SwiftDemoUITests.xctest */ = {isa = PBXFileReference; explicitFileType = wrapper.cfbundle; includeInIndex = 0; path = SwiftDemoUITests.xctest; sourceTree = BUILT_PRODUCTS_DIR; };
		8DFD96961CF72B8B00CCAC0C /* SwiftDemoUITests.swift */ = {isa = PBXFileReference; lastKnownFileType = sourcecode.swift; path = SwiftDemoUITests.swift; sourceTree = "<group>"; };
		8DFD96981CF72B8B00CCAC0C /* Info.plist */ = {isa = PBXFileReference; lastKnownFileType = text.plist.xml; path = Info.plist; sourceTree = "<group>"; };
/* End PBXFileReference section */

/* Begin PBXFrameworksBuildPhase section */
		8DFD96701CF72B8B00CCAC0C /* Frameworks */ = {
			isa = PBXFrameworksBuildPhase;
			buildActionMask = 2147483647;
			files = (
			);
			runOnlyForDeploymentPostprocessing = 0;
		};
		8DFD96841CF72B8B00CCAC0C /* Frameworks */ = {
			isa = PBXFrameworksBuildPhase;
			buildActionMask = 2147483647;
			files = (
			);
			runOnlyForDeploymentPostprocessing = 0;
		};
		8DFD968F1CF72B8B00CCAC0C /* Frameworks */ = {
			isa = PBXFrameworksBuildPhase;
			buildActionMask = 2147483647;
			files = (
			);
			runOnlyForDeploymentPostprocessing = 0;
		};
/* End PBXFrameworksBuildPhase section */

/* Begin PBXGroup section */
		8DFD966A1CF72B8B00CCAC0C = {
			isa = PBXGroup;
			children = (
				8DFD96751CF72B8B00CCAC0C /* SwiftDemo */,
				8DFD968A1CF72B8B00CCAC0C /* SwiftDemoTests */,
				8DFD96951CF72B8B00CCAC0C /* SwiftDemoUITests */,
				8DFD96741CF72B8B00CCAC0C /* Products */,
			);
			sourceTree = "<group>";
		};
		8DFD96741CF72B8B00CCAC0C /* Products */ = {
			isa = PBXGroup;
			children = (
				8DFD96731CF72B8B00CCAC0C /* SwiftDemo.app */,
				8DFD96871CF72B8B00CCAC0C /* SwiftDemoTests.xctest */,
				8DFD96921CF72B8B00CCAC0C /* SwiftDemoUITests.xctest */,
			);
			name = Products;
			sourceTree = "<group>";
		};
		8DFD96751CF72B8B00CCAC0C /* SwiftDemo */ = {
			isa = PBXGroup;
			children = (
				8DFD96761CF72B8B00CCAC0C /* AppDelegate.swift */,
				8DFD96781CF72B8B00CCAC0C /* ViewController.swift */,
				8DFD967A1CF72B8B00CCAC0C /* Main.storyboard */,
				8DFD967D1CF72B8B00CCAC0C /* Assets.xcassets */,
				8DFD967F1CF72B8B00CCAC0C /* LaunchScreen.storyboard */,
				8DFD96821CF72B8B00CCAC0C /* Info.plist */,
			);
			path = SwiftDemo;
			sourceTree = "<group>";
		};
		8DFD968A1CF72B8B00CCAC0C /* SwiftDemoTests */ = {
			isa = PBXGroup;
			children = (
				8DFD968B1CF72B8B00CCAC0C /* SwiftDemoTests.swift */,
				8DFD968D1CF72B8B00CCAC0C /* Info.plist */,
			);
			path = SwiftDemoTests;
			sourceTree = "<group>";
		};
		8DFD96951CF72B8B00CCAC0C /* SwiftDemoUITests */ = {
			isa = PBXGroup;
			children = (
				8DFD96961CF72B8B00CCAC0C /* SwiftDemoUITests.swift */,
				8DFD96981CF72B8B00CCAC0C /* Info.plist */,
			);
			path = SwiftDemoUITests;
			sourceTree = "<group>";
		};
/* End PBXGroup section */

/* Begin PBXNativeTarget section */
		8DFD96721CF72B8B00CCAC0C /* SwiftDemo */ = {
			isa = PBXNativeTarget;
			buildConfigurationList = 8DFD969B1CF72B8B00CCAC0C /* Build configuration list for PBXNativeTarget "SwiftDemo" */;
			buildPhases = (
				8DFD966F1CF72B8B00CCAC0C /* Sources */,
				8DFD96701CF72B8B00CCAC0C /* Frameworks */,
				8DFD96711CF72B8B00CCAC0C /* Resources */,
			);
			buildRules = (
			);
			dependencies = (
			);
			name = SwiftDemo;
			productName = SwiftDemo;
			productReference = 8DFD96731CF72B8B00CCAC0C /* SwiftDemo.app */;
			productType = "com.apple.product-type.application";
		};
		8DFD96861CF72B8B00CCAC0C /* SwiftDemoTests */ = {
			isa = PBXNativeTarget;
			buildConfigurationList = 8DFD969E1CF72B8B00CCAC0C /* Build configuration list for PBXNativeTarget "SwiftDemoTests" */;
			buildPhases = (
				8DFD96831CF72B8B00CCAC0C /* Sources */,
				8DFD96841CF72B8B00CCAC0C /* Frameworks */,
				8DFD96851CF72B8B00CCAC0C /* Resources */,
			);
			buildRules = (
			);
			dependencies = (
				8DFD96891CF72B8B00CCAC0C /* PBXTargetDependency */,
			);
			name = SwiftDemoTests;
			productName = SwiftDemoTests;
			productReference = 8DFD96871CF72B8B00CCAC0C /* SwiftDemoTests.xctest */;
			productType = "com.apple.product-type.bundle.unit-test";
		};
		8DFD96911CF72B8B00CCAC0C /* SwiftDemoUITests */ = {
			isa = PBXNativeTarget;
			buildConfigurationList = 8DFD96A11CF72B8B00CCAC0C /* Build configuration list for PBXNativeTarget "SwiftDemoUITests" */;
			buildPhases = (
				8DFD968E1CF72B8B00CCAC0C /* Sources */,
				8DFD968F1CF72B8B00CCAC0C /* Frameworks */,
				8DFD96901CF72B8B00CCAC0C /* Resources */,
			);
			buildRules = (
			);
			dependencies = (
				8DFD96941CF72B8B00CCAC0C /* PBXTargetDependency */,
			);
			name = SwiftDemoUITests;
			productName = SwiftDemoUITests;
			productReference = 8DFD96921CF72B8B00CCAC0C /* SwiftDemoUITests.xctest */;
			productType = "com.apple.product-type.bundle.ui-testing";
		};
/* End PBXNativeTarget section */

/* Begin PBXProject section */
		8DFD966B1CF72B8B00CCAC0C /* Project object */ = {
			isa = PBXProject;
			attributes = {
				LastSwiftUpdateCheck = 0720;
				LastUpgradeCheck = 0720;
				ORGANIZATIONNAME = MR_THT;
				TargetAttributes = {
					8DFD96721CF72B8B00CCAC0C = {
						CreatedOnToolsVersion = 7.2;
						DevelopmentTeam = GHQ3D6RATT;
					};
					8DFD96861CF72B8B00CCAC0C = {
						CreatedOnToolsVersion = 7.2;
						DevelopmentTeam = GHQ3D6RATT;
						TestTargetID = 8DFD96721CF72B8B00CCAC0C;
					};
					8DFD96911CF72B8B00CCAC0C = {
						CreatedOnToolsVersion = 7.2;
						DevelopmentTeam = GHQ3D6RATT;
						TestTargetID = 8DFD96721CF72B8B00CCAC0C;
					};
				};
			};
			buildConfigurationList = 8DFD966E1CF72B8B00CCAC0C /* Build configuration list for PBXProject "SwiftDemo" */;
			compatibilityVersion = "Xcode 3.2";
			developmentRegion = English;
			hasScannedForEncodings = 0;
			knownRegions = (
				en,
				Base,
			);
			mainGroup = 8DFD966A1CF72B8B00CCAC0C;
			productRefGroup = 8DFD96741CF72B8B00CCAC0C /* Products */;
			projectDirPath = "";
			projectRoot = "";
			targets = (
				8DFD96721CF72B8B00CCAC0C /* SwiftDemo */,
				8DFD96861CF72B8B00CCAC0C /* SwiftDemoTests */,
				8DFD96911CF72B8B00CCAC0C /* SwiftDemoUITests */,
			);
		};
/* End PBXProject section */

/* Begin PBXResourcesBuildPhase section */
		8DFD96711CF72B8B00CCAC0C /* Resources */ = {
			isa = PBXResourcesBuildPhase;
			buildActionMask = 2147483647;
			files = (
				8DFD96811CF72B8B00CCAC0C /* LaunchScreen.storyboard in Resources */,
				8DFD967E1CF72B8B00CCAC0C /* Assets.xcassets in Resources */,
				8DFD967C1CF72B8B00CCAC0C /* Main.storyboard in Resources */,
			);
			runOnlyForDeploymentPostprocessing = 0;
		};
		8DFD96851CF72B8B00CCAC0C /* Resources */ = {
			isa = PBXResourcesBuildPhase;
			buildActionMask = 2147483647;
			files = (
			);
			runOnlyForDeploymentPostprocessing = 0;
		};
		8DFD96901CF72B8B00CCAC0C /* Resources */ = {
			isa = PBXResourcesBuildPhase;
			buildActionMask = 2147483647;
			files = (
			);
			runOnlyForDeploymentPostprocessing = 0;
		};
/* End PBXResourcesBuildPhase section */

/* Begin PBXSourcesBuildPhase section */
		8DFD966F1CF72B8B00CCAC0C /* Sources */ = {
			isa = PBXSourcesBuildPhase;
			buildActionMask = 2147483647;
			files = (
				8DFD96791CF72B8B00CCAC0C /* ViewController.swift in Sources */,
				8DFD96771CF72B8B00CCAC0C /* AppDelegate.swift in Sources */,
			);
			runOnlyForDeploymentPostprocessing = 0;
		};
		8DFD96831CF72B8B00CCAC0C /* Sources */ = {
			isa = PBXSourcesBuildPhase;
			buildActionMask = 2147483647;
			files = (
				8DFD968C1CF72B8B00CCAC0C /* SwiftDemoTests.swift in Sources */,
			);
			runOnlyForDeploymentPostprocessing = 0;
		};
		8DFD968E1CF72B8B00CCAC0C /* Sources */ = {
			isa = PBXSourcesBuildPhase;
			buildActionMask = 2147483647;
			files = (
				8DFD96971CF72B8B00CCAC0C /* SwiftDemoUITests.swift in Sources */,
			);
			runOnlyForDeploymentPostprocessing = 0;
		};
/* End PBXSourcesBuildPhase section */

/* Begin PBXTargetDependency section */
		8DFD96891CF72B8B00CCAC0C /* PBXTargetDependency */ = {
			isa = PBXTargetDependency;
			target = 8DFD96721CF72B8B00CCAC0C /* SwiftDemo */;
			targetProxy = 8DFD96881CF72B8B00CCAC0C /* PBXContainerItemProxy */;
		};
		8DFD96941CF72B8B00CCAC0C /* PBXTargetDependency */ = {
			isa = PBXTargetDependency;
			target = 8DFD96721CF72B8B00CCAC0C /* SwiftDemo */;
			targetProxy = 8DFD96931CF72B8B00CCAC0C /* PBXContainerItemProxy */;
		};
/* End PBXTargetDependency section */

/* Begin PBXVariantGroup section */
		8DFD967A1CF72B8B00CCAC0C /* Main.storyboard */ = {
			isa = PBXVariantGroup;
			children = (
				8DFD967B1CF72B8B00CCAC0C /* Base */,
			);
			name = Main.storyboard;
			sourceTree = "<group>";
		};
		8DFD967F1CF72B8B00CCAC0C /* LaunchScreen.storyboard */ = {
			isa = PBXVariantGroup;
			children = (
				8DFD96801CF72B8B00CCAC0C /* Base */,
			);
			name = LaunchScreen.storyboard;
			sourceTree = "<group>";
		};
/* End PBXVariantGroup section */

/* Begin XCBuildConfiguration section */
		8DFD96991CF72B8B00CCAC0C /* Debug */ = {
			isa = XCBuildConfiguration;
			buildSettings = {
				ALWAYS_SEARCH_USER_PATHS = NO;
				CLANG_CXX_LANGUAGE_STANDARD = "gnu++0x";
				CLANG_CXX_LIBRARY = "libc++";
				CLANG_ENABLE_MODULES = YES;
				CLANG_ENABLE_OBJC_ARC = YES;
				CLANG_WARN_BOOL_CONVERSION = YES;
				CLANG_WARN_CONSTANT_CONVERSION = YES;
				CLANG_WARN_DIRECT_OBJC_ISA_USAGE = YES_ERROR;
				CLANG_WARN_EMPTY_BODY = YES;
				CLANG_WARN_ENUM_CONVERSION = YES;
				CLANG_WARN_INT_CONVERSION = YES;
				CLANG_WARN_OBJC_ROOT_CLASS = YES_ERROR;
				CLANG_WARN_UNREACHABLE_CODE = YES;
				CLANG_WARN__DUPLICATE_METHOD_MATCH = YES;
				"CODE_SIGN_IDENTITY[sdk=iphoneos*]" = "iPhone Developer";
				COPY_PHASE_STRIP = NO;
				DEBUG_INFORMATION_FORMAT = dwarf;
				ENABLE_STRICT_OBJC_MSGSEND = YES;
				ENABLE_TESTABILITY = YES;
				GCC_C_LANGUAGE_STANDARD = gnu99;
				GCC_DYNAMIC_NO_PIC = NO;
				GCC_NO_COMMON_BLOCKS = YES;
				GCC_OPTIMIZATION_LEVEL = 0;
				GCC_PREPROCESSOR_DEFINITIONS = (
					"DEBUG=1",
					"$(inherited)",
				);
				GCC_WARN_64_TO_32_BIT_CONVERSION = YES;
				GCC_WARN_ABOUT_RETURN_TYPE = YES_ERROR;
				GCC_WARN_UNDECLARED_SELECTOR = YES;
				GCC_WARN_UNINITIALIZED_AUTOS = YES_AGGRESSIVE;
				GCC_WARN_UNUSED_FUNCTION = YES;
				GCC_WARN_UNUSED_VARIABLE = YES;
				IPHONEOS_DEPLOYMENT_TARGET = 9.2;
				MTL_ENABLE_DEBUG_INFO = YES;
				ONLY_ACTIVE_ARCH = YES;
				SDKROOT = iphoneos;
				SWIFT_OPTIMIZATION_LEVEL = "-Onone";
				TARGETED_DEVICE_FAMILY = "1,2";
			};
			name = Debug;
		};
		8DFD969A1CF72B8B00CCAC0C /* Release */ = {
			isa = XCBuildConfiguration;
			buildSettings = {
				ALWAYS_SEARCH_USER_PATHS = NO;
				CLANG_CXX_LANGUAGE_STANDARD = "gnu++0x";
				CLANG_CXX_LIBRARY = "libc++";
				CLANG_ENABLE_MODULES = YES;
				CLANG_ENABLE_OBJC_ARC = YES;
				CLANG_WARN_BOOL_CONVERSION = YES;
				CLANG_WARN_CONSTANT_CONVERSION = YES;
				CLANG_WARN_DIRECT_OBJC_ISA_USAGE = YES_ERROR;
				CLANG_WARN_EMPTY_BODY = YES;
				CLANG_WARN_ENUM_CONVERSION = YES;
				CLANG_WARN_INT_CONVERSION = YES;
				CLANG_WARN_OBJC_ROOT_CLASS = YES_ERROR;
				CLANG_WARN_UNREACHABLE_CODE = YES;
				CLANG_WARN__DUPLICATE_METHOD_MATCH = YES;
				"CODE_SIGN_IDENTITY[sdk=iphoneos*]" = "iPhone Developer";
				COPY_PHASE_STRIP = NO;
				DEBUG_INFORMATION_FORMAT = "dwarf-with-dsym";
				ENABLE_NS_ASSERTIONS = NO;
				ENABLE_STRICT_OBJC_MSGSEND = YES;
				GCC_C_LANGUAGE_STANDARD = gnu99;
				GCC_NO_COMMON_BLOCKS = YES;
				GCC_WARN_64_TO_32_BIT_CONVERSION = YES;
				GCC_WARN_ABOUT_RETURN_TYPE = YES_ERROR;
				GCC_WARN_UNDECLARED_SELECTOR = YES;
				GCC_WARN_UNINITIALIZED_AUTOS = YES_AGGRESSIVE;
				GCC_WARN_UNUSED_FUNCTION = YES;
				GCC_WARN_UNUSED_VARIABLE = YES;
				IPHONEOS_DEPLOYMENT_TARGET = 9.2;
				MTL_ENABLE_DEBUG_INFO = NO;
				SDKROOT = iphoneos;
				TARGETED_DEVICE_FAMILY = "1,2";
				VALIDATE_PRODUCT = YES;
			};
			name = Release;
		};
		8DFD969C1CF72B8B00CCAC0C /* Debug */ = {
			isa = XCBuildConfiguration;
			buildSettings = {
				ASSETCATALOG_COMPILER_APPICON_NAME = AppIcon;
				INFOPLIST_FILE = SwiftDemo/Info.plist;
				LD_RUNPATH_SEARCH_PATHS = "$(inherited) @executable_path/Frameworks";
				PRODUCT_BUNDLE_IDENTIFIER = "MR-THT.SwiftDemo";
				PRODUCT_NAME = "$(TARGET_NAME)";
			};
			name = Debug;
		};
		8DFD969D1CF72B8B00CCAC0C /* Release */ = {
			isa = XCBuildConfiguration;
			buildSettings = {
				ASSETCATALOG_COMPILER_APPICON_NAME = AppIcon;
				INFOPLIST_FILE = SwiftDemo/Info.plist;
				LD_RUNPATH_SEARCH_PATHS = "$(inherited) @executable_path/Frameworks";
				PRODUCT_BUNDLE_IDENTIFIER = "MR-THT.SwiftDemo";
				PRODUCT_NAME = "$(TARGET_NAME)";
			};
			name = Release;
		};
		8DFD969F1CF72B8B00CCAC0C /* Debug */ = {
			isa = XCBuildConfiguration;
			buildSettings = {
				BUNDLE_LOADER = "$(TEST_HOST)";
				INFOPLIST_FILE = SwiftDemoTests/Info.plist;
				LD_RUNPATH_SEARCH_PATHS = "$(inherited) @executable_path/Frameworks @loader_path/Frameworks";
				PRODUCT_BUNDLE_IDENTIFIER = "MR-THT.SwiftDemoTests";
				PRODUCT_NAME = "$(TARGET_NAME)";
				TEST_HOST = "$(BUILT_PRODUCTS_DIR)/SwiftDemo.app/SwiftDemo";
			};
			name = Debug;
		};
		8DFD96A01CF72B8B00CCAC0C /* Release */ = {
			isa = XCBuildConfiguration;
			buildSettings = {
				BUNDLE_LOADER = "$(TEST_HOST)";
				INFOPLIST_FILE = SwiftDemoTests/Info.plist;
				LD_RUNPATH_SEARCH_PATHS = "$(inherited) @executable_path/Frameworks @loader_path/Frameworks";
				PRODUCT_BUNDLE_IDENTIFIER = "MR-THT.SwiftDemoTests";
				PRODUCT_NAME = "$(TARGET_NAME)";
				TEST_HOST = "$(BUILT_PRODUCTS_DIR)/SwiftDemo.app/SwiftDemo";
			};
			name = Release;
		};
		8DFD96A21CF72B8B00CCAC0C /* Debug */ = {
			isa = XCBuildConfiguration;
			buildSettings = {
				INFOPLIST_FILE = SwiftDemoUITests/Info.plist;
				LD_RUNPATH_SEARCH_PATHS = "$(inherited) @executable_path/Frameworks @loader_path/Frameworks";
				PRODUCT_BUNDLE_IDENTIFIER = "MR-THT.SwiftDemoUITests";
				PRODUCT_NAME = "$(TARGET_NAME)";
				TEST_TARGET_NAME = SwiftDemo;
				USES_XCTRUNNER = YES;
			};
			name = Debug;
		};
		8DFD96A31CF72B8B00CCAC0C /* Release */ = {
			isa = XCBuildConfiguration;
			buildSettings = {
				INFOPLIST_FILE = SwiftDemoUITests/Info.plist;
				LD_RUNPATH_SEARCH_PATHS = "$(inherited) @executable_path/Frameworks @loader_path/Frameworks";
				PRODUCT_BUNDLE_IDENTIFIER = "MR-THT.SwiftDemoUITests";
				PRODUCT_NAME = "$(TARGET_NAME)";
				TEST_TARGET_NAME = SwiftDemo;
				USES_XCTRUNNER = YES;
			};
			name = Release;
		};
/* End XCBuildConfiguration section */

/* Begin XCConfigurationList section */
		8DFD966E1CF72B8B00CCAC0C /* Build configuration list for PBXProject "SwiftDemo" */ = {
			isa = XCConfigurationList;
			buildConfigurations = (
				8DFD96991CF72B8B00CCAC0C /* Debug */,
				8DFD969A1CF72B8B00CCAC0C /* Release */,
			);
			defaultConfigurationIsVisible = 0;
			defaultConfigurationName = Release;
		};
		8DFD969B1CF72B8B00CCAC0C /* Build configuration list for PBXNativeTarget "SwiftDemo" */ = {
			isa = XCConfigurationList;
			buildConfigurations = (
				8DFD969C1CF72B8B00CCAC0C /* Debug */,
				8DFD969D1CF72B8B00CCAC0C /* Release */,
			);
			defaultConfigurationIsVisible = 0;
		};
		8DFD969E1CF72B8B00CCAC0C /* Build configuration list for PBXNativeTarget "SwiftDemoTests" */ = {
			isa = XCConfigurationList;
			buildConfigurations = (
				8DFD969F1CF72B8B00CCAC0C /* Debug */,
				8DFD96A01CF72B8B00CCAC0C /* Release */,
			);
			defaultConfigurationIsVisible = 0;
		};
		8DFD96A11CF72B8B00CCAC0C /* Build configuration list for PBXNativeTarget "SwiftDemoUITests" */ = {
			isa = XCConfigurationList;
			buildConfigurations = (
				8DFD96A21CF72B8B00CCAC0C /* Debug */,
				8DFD96A31CF72B8B00CCAC0C /* Release */,
			);
			defaultConfigurationIsVisible = 0;
		};
/* End XCConfigurationList section */
	};
	rootObject = 8DFD966B1CF72B8B00CCAC0C /* Project object */;
}
